
Microsoft Visual Studio Solution File, Format Version 12.00
# Visual Studio Version 17
VisualStudioVersion = 17.4.33103.184
MinimumVisualStudioVersion = 10.0.40219.1
Project("{FAE04EC0-301F-11D3-BF4B-00C04F79EFBC}") = "HRManagementSystem", "HRManagementSystem\HRManagementSystem.csproj", "{7F524AD5-9635-45B8-8D86-576910ED04A6}"
EndProject
Global
	GlobalSection(SolutionConfigurationPlatforms) = preSolution
		Debug|Any CPU = Debug|Any CPU
		Release|Any CPU = Release|Any CPU
	EndGlobalSection
	GlobalSection(ProjectConfigurationPlatforms) = postSolution
		{7F524AD5-9635-45B8-8D86-576910ED04A6}.Debug|Any CPU.ActiveCfg = Debug|Any CPU
		{7F524AD5-9635-45B8-8D86-576910ED04A6}.Debug|Any CPU.Build.0 = Debug|Any CPU
		{7F524AD5-9635-45B8-8D86-576910ED04A6}.Release|Any CPU.ActiveCfg = Release|Any CPU
		{7F524AD5-9635-45B8-8D86-576910ED04A6}.Release|Any CPU.Build.0 = Release|Any CPU
	EndGlobalSection
	GlobalSection(SolutionProperties) = preSolution
		HideSolutionNode = FALSE
	EndGlobalSection
	GlobalSection(ExtensibilityGlobals) = postSolution
		SolutionGuid = {E3CD0EF8-E510-482A-9154-42DD31CACEFC}
	EndGlobalSection
EndGlobal
