
Microsoft Visual Studio Solution File, Format Version 12.00
# Visual Studio Version 17
VisualStudioVersion = 17.4.33103.184
MinimumVisualStudioVersion = 10.0.40219.1
Project("{FAE04EC0-301F-11D3-BF4B-00C04F79EFBC}") = "HRManagementSystemSRPBefore", "HRManagementSystemSRPBefore\HRManagementSystemSRPBefore.csproj", "{3B5474D3-1A0A-445E-A9A3-A6B107968299}"
EndProject
Project("{FAE04EC0-301F-11D3-BF4B-00C04F79EFBC}") = "HRManagementSystemSRPAfter", "HRManagementSystemSRPAfter\HRManagementSystemSRPAfter.csproj", "{5566F910-BAF5-4002-8322-5C0FD7038E0A}"
EndProject
Global
	GlobalSection(SolutionConfigurationPlatforms) = preSolution
		Debug|Any CPU = Debug|Any CPU
		Release|Any CPU = Release|Any CPU
	EndGlobalSection
	GlobalSection(ProjectConfigurationPlatforms) = postSolution
		{3B5474D3-1A0A-445E-A9A3-A6B107968299}.Debug|Any CPU.ActiveCfg = Debug|Any CPU
		{3B5474D3-1A0A-445E-A9A3-A6B107968299}.Debug|Any CPU.Build.0 = Debug|Any CPU
		{3B5474D3-1A0A-445E-A9A3-A6B107968299}.Release|Any CPU.ActiveCfg = Release|Any CPU
		{3B5474D3-1A0A-445E-A9A3-A6B107968299}.Release|Any CPU.Build.0 = Release|Any CPU
		{5566F910-BAF5-4002-8322-5C0FD7038E0A}.Debug|Any CPU.ActiveCfg = Debug|Any CPU
		{5566F910-BAF5-4002-8322-5C0FD7038E0A}.Debug|Any CPU.Build.0 = Debug|Any CPU
		{5566F910-BAF5-4002-8322-5C0FD7038E0A}.Release|Any CPU.ActiveCfg = Release|Any CPU
		{5566F910-BAF5-4002-8322-5C0FD7038E0A}.Release|Any CPU.Build.0 = Release|Any CPU
	EndGlobalSection
	GlobalSection(SolutionProperties) = preSolution
		HideSolutionNode = FALSE
	EndGlobalSection
	GlobalSection(ExtensibilityGlobals) = postSolution
		SolutionGuid = {E3CD0EF8-E510-482A-9154-42DD31CACEFC}
	EndGlobalSection
EndGlobal
